
Microsoft Visual Studio Solution File, Format Version 12.00
# Visual Studio 15
VisualStudioVersion = 15.0.26124.0
MinimumVisualStudioVersion = 15.0.26124.0
Project("{FAE04EC0-301F-11D3-BF4B-00C04F79EFBC}") = "Domain", "Domain\Domain.csproj", "{25DE575D-FC10-4579-BEAE-DE9553468E27}"
EndProject
Project("{FAE04EC0-301F-11D3-BF4B-00C04F79EFBC}") = "Application", "Application\Application.csproj", "{CF7BC173-C313-499F-9FFB-FAB7F9887926}"
EndProject
Project("{FAE04EC0-301F-11D3-BF4B-00C04F79EFBC}") = "Persistence", "Persistence\Persistence.csproj", "{42C1CB67-BA10-4C47-A9F0-92F5E5AC7A9C}"
EndProject
Project("{FAE04EC0-301F-11D3-BF4B-00C04F79EFBC}") = "API", "API\API.csproj", "{9CCC823D-B864-45F0-A43B-F11E67962713}"
EndProject
Global
	GlobalSection(SolutionConfigurationPlatforms) = preSolution
		Debug|Any CPU = Debug|Any CPU
		Debug|x64 = Debug|x64
		Debug|x86 = Debug|x86
		Release|Any CPU = Release|Any CPU
		Release|x64 = Release|x64
		Release|x86 = Release|x86
	EndGlobalSection
	GlobalSection(SolutionProperties) = preSolution
		HideSolutionNode = FALSE
	EndGlobalSection
	GlobalSection(ProjectConfigurationPlatforms) = postSolution
		{25DE575D-FC10-4579-BEAE-DE9553468E27}.Debug|Any CPU.ActiveCfg = Debug|Any CPU
		{25DE575D-FC10-4579-BEAE-DE9553468E27}.Debug|Any CPU.Build.0 = Debug|Any CPU
		{25DE575D-FC10-4579-BEAE-DE9553468E27}.Debug|x64.ActiveCfg = Debug|Any CPU
		{25DE575D-FC10-4579-BEAE-DE9553468E27}.Debug|x64.Build.0 = Debug|Any CPU
		{25DE575D-FC10-4579-BEAE-DE9553468E27}.Debug|x86.ActiveCfg = Debug|Any CPU
		{25DE575D-FC10-4579-BEAE-DE9553468E27}.Debug|x86.Build.0 = Debug|Any CPU
		{25DE575D-FC10-4579-BEAE-DE9553468E27}.Release|Any CPU.ActiveCfg = Release|Any CPU
		{25DE575D-FC10-4579-BEAE-DE9553468E27}.Release|Any CPU.Build.0 = Release|Any CPU
		{25DE575D-FC10-4579-BEAE-DE9553468E27}.Release|x64.ActiveCfg = Release|Any CPU
		{25DE575D-FC10-4579-BEAE-DE9553468E27}.Release|x64.Build.0 = Release|Any CPU
		{25DE575D-FC10-4579-BEAE-DE9553468E27}.Release|x86.ActiveCfg = Release|Any CPU
		{25DE575D-FC10-4579-BEAE-DE9553468E27}.Release|x86.Build.0 = Release|Any CPU
		{CF7BC173-C313-499F-9FFB-FAB7F9887926}.Debug|Any CPU.ActiveCfg = Debug|Any CPU
		{CF7BC173-C313-499F-9FFB-FAB7F9887926}.Debug|Any CPU.Build.0 = Debug|Any CPU
		{CF7BC173-C313-499F-9FFB-FAB7F9887926}.Debug|x64.ActiveCfg = Debug|Any CPU
		{CF7BC173-C313-499F-9FFB-FAB7F9887926}.Debug|x64.Build.0 = Debug|Any CPU
		{CF7BC173-C313-499F-9FFB-FAB7F9887926}.Debug|x86.ActiveCfg = Debug|Any CPU
		{CF7BC173-C313-499F-9FFB-FAB7F9887926}.Debug|x86.Build.0 = Debug|Any CPU
		{CF7BC173-C313-499F-9FFB-FAB7F9887926}.Release|Any CPU.ActiveCfg = Release|Any CPU
		{CF7BC173-C313-499F-9FFB-FAB7F9887926}.Release|Any CPU.Build.0 = Release|Any CPU
		{CF7BC173-C313-499F-9FFB-FAB7F9887926}.Release|x64.ActiveCfg = Release|Any CPU
		{CF7BC173-C313-499F-9FFB-FAB7F9887926}.Release|x64.Build.0 = Release|Any CPU
		{CF7BC173-C313-499F-9FFB-FAB7F9887926}.Release|x86.ActiveCfg = Release|Any CPU
		{CF7BC173-C313-499F-9FFB-FAB7F9887926}.Release|x86.Build.0 = Release|Any CPU
		{42C1CB67-BA10-4C47-A9F0-92F5E5AC7A9C}.Debug|Any CPU.ActiveCfg = Debug|Any CPU
		{42C1CB67-BA10-4C47-A9F0-92F5E5AC7A9C}.Debug|Any CPU.Build.0 = Debug|Any CPU
		{42C1CB67-BA10-4C47-A9F0-92F5E5AC7A9C}.Debug|x64.ActiveCfg = Debug|Any CPU
		{42C1CB67-BA10-4C47-A9F0-92F5E5AC7A9C}.Debug|x64.Build.0 = Debug|Any CPU
		{42C1CB67-BA10-4C47-A9F0-92F5E5AC7A9C}.Debug|x86.ActiveCfg = Debug|Any CPU
		{42C1CB67-BA10-4C47-A9F0-92F5E5AC7A9C}.Debug|x86.Build.0 = Debug|Any CPU
		{42C1CB67-BA10-4C47-A9F0-92F5E5AC7A9C}.Release|Any CPU.ActiveCfg = Release|Any CPU
		{42C1CB67-BA10-4C47-A9F0-92F5E5AC7A9C}.Release|Any CPU.Build.0 = Release|Any CPU
		{42C1CB67-BA10-4C47-A9F0-92F5E5AC7A9C}.Release|x64.ActiveCfg = Release|Any CPU
		{42C1CB67-BA10-4C47-A9F0-92F5E5AC7A9C}.Release|x64.Build.0 = Release|Any CPU
		{42C1CB67-BA10-4C47-A9F0-92F5E5AC7A9C}.Release|x86.ActiveCfg = Release|Any CPU
		{42C1CB67-BA10-4C47-A9F0-92F5E5AC7A9C}.Release|x86.Build.0 = Release|Any CPU
		{9CCC823D-B864-45F0-A43B-F11E67962713}.Debug|Any CPU.ActiveCfg = Debug|Any CPU
		{9CCC823D-B864-45F0-A43B-F11E67962713}.Debug|Any CPU.Build.0 = Debug|Any CPU
		{9CCC823D-B864-45F0-A43B-F11E67962713}.Debug|x64.ActiveCfg = Debug|Any CPU
		{9CCC823D-B864-45F0-A43B-F11E67962713}.Debug|x64.Build.0 = Debug|Any CPU
		{9CCC823D-B864-45F0-A43B-F11E67962713}.Debug|x86.ActiveCfg = Debug|Any CPU
		{9CCC823D-B864-45F0-A43B-F11E67962713}.Debug|x86.Build.0 = Debug|Any CPU
		{9CCC823D-B864-45F0-A43B-F11E67962713}.Release|Any CPU.ActiveCfg = Release|Any CPU
		{9CCC823D-B864-45F0-A43B-F11E67962713}.Release|Any CPU.Build.0 = Release|Any CPU
		{9CCC823D-B864-45F0-A43B-F11E67962713}.Release|x64.ActiveCfg = Release|Any CPU
		{9CCC823D-B864-45F0-A43B-F11E67962713}.Release|x64.Build.0 = Release|Any CPU
		{9CCC823D-B864-45F0-A43B-F11E67962713}.Release|x86.ActiveCfg = Release|Any CPU
		{9CCC823D-B864-45F0-A43B-F11E67962713}.Release|x86.Build.0 = Release|Any CPU
	EndGlobalSection
EndGlobal
